
Microsoft Visual Studio Solution File, Format Version 12.00
# Visual Studio Version 17
VisualStudioVersion = 17.7.34003.232
MinimumVisualStudioVersion = 10.0.40219.1
Project("{FAE04EC0-301F-11D3-BF4B-00C04F79EFBC}") = "ControlePedidos", "ControlePedidos\ControlePedidos.csproj", "{388D4482-105B-4D2D-AB82-D00520B44F6C}"
EndProject
Global
	GlobalSection(SolutionConfigurationPlatforms) = preSolution
		Debug|Any CPU = Debug|Any CPU
		Release|Any CPU = Release|Any CPU
	EndGlobalSection
	GlobalSection(ProjectConfigurationPlatforms) = postSolution
		{388D4482-105B-4D2D-AB82-D00520B44F6C}.Debug|Any CPU.ActiveCfg = Debug|Any CPU
		{388D4482-105B-4D2D-AB82-D00520B44F6C}.Debug|Any CPU.Build.0 = Debug|Any CPU
		{388D4482-105B-4D2D-AB82-D00520B44F6C}.Release|Any CPU.ActiveCfg = Release|Any CPU
		{388D4482-105B-4D2D-AB82-D00520B44F6C}.Release|Any CPU.Build.0 = Release|Any CPU
	EndGlobalSection
	GlobalSection(SolutionProperties) = preSolution
		HideSolutionNode = FALSE
	EndGlobalSection
	GlobalSection(ExtensibilityGlobals) = postSolution
		SolutionGuid = {D9C566D1-E475-47AC-9CDA-E65A7C9F742C}
	EndGlobalSection
EndGlobal
